
Microsoft Visual Studio Solution File, Format Version 12.00
# Visual Studio Version 16
VisualStudioVersion = 16.0.31702.278
MinimumVisualStudioVersion = 10.0.40219.1
Project("{FAE04EC0-301F-11D3-BF4B-00C04F79EFBC}") = "Tarau_Bianca_Lab2", "Tarau_Bianca_Lab2.csproj", "{A2054886-615F-49F5-A214-BA5F6424EDA9}"
EndProject
Global
	GlobalSection(SolutionConfigurationPlatforms) = preSolution
		Debug|Any CPU = Debug|Any CPU
		Release|Any CPU = Release|Any CPU
	EndGlobalSection
	GlobalSection(ProjectConfigurationPlatforms) = postSolution
		{A2054886-615F-49F5-A214-BA5F6424EDA9}.Debug|Any CPU.ActiveCfg = Debug|Any CPU
		{A2054886-615F-49F5-A214-BA5F6424EDA9}.Debug|Any CPU.Build.0 = Debug|Any CPU
		{A2054886-615F-49F5-A214-BA5F6424EDA9}.Release|Any CPU.ActiveCfg = Release|Any CPU
		{A2054886-615F-49F5-A214-BA5F6424EDA9}.Release|Any CPU.Build.0 = Release|Any CPU
	EndGlobalSection
	GlobalSection(SolutionProperties) = preSolution
		HideSolutionNode = FALSE
	EndGlobalSection
	GlobalSection(ExtensibilityGlobals) = postSolution
		SolutionGuid = {4848AFC2-45F3-468D-BA28-E852182CE08C}
	EndGlobalSection
EndGlobal
